
Microsoft Visual Studio Solution File, Format Version 12.00
# Visual Studio Version 17
VisualStudioVersion = 17.11.35327.3
MinimumVisualStudioVersion = 10.0.40219.1
Project("{9A19103F-16F7-4668-BE54-9A1E7A4F7556}") = "API", "API\API.csproj", "{CA96B809-0C4B-46F0-91C7-1F688B768070}"
EndProject
Project("{FAE04EC0-301F-11D3-BF4B-00C04F79EFBC}") = "Application", "Application\Application.csproj", "{83059C4E-5045-4424-A251-F23DE57E8BB9}"
EndProject
Project("{FAE04EC0-301F-11D3-BF4B-00C04F79EFBC}") = "Domain", "Domain\Domain.csproj", "{DAD17074-5B00-497B-B223-E71751F73AD0}"
EndProject
Project("{FAE04EC0-301F-11D3-BF4B-00C04F79EFBC}") = "Infrastructure", "Infrastructure\Infrastructure.csproj", "{5B118E0B-DD3E-4CEA-B2A8-1DD5CE396FA7}"
EndProject
Global
	GlobalSection(SolutionConfigurationPlatforms) = preSolution
		Debug|Any CPU = Debug|Any CPU
		Release|Any CPU = Release|Any CPU
	EndGlobalSection
	GlobalSection(ProjectConfigurationPlatforms) = postSolution
		{CA96B809-0C4B-46F0-91C7-1F688B768070}.Debug|Any CPU.ActiveCfg = Debug|Any CPU
		{CA96B809-0C4B-46F0-91C7-1F688B768070}.Debug|Any CPU.Build.0 = Debug|Any CPU
		{CA96B809-0C4B-46F0-91C7-1F688B768070}.Release|Any CPU.ActiveCfg = Release|Any CPU
		{CA96B809-0C4B-46F0-91C7-1F688B768070}.Release|Any CPU.Build.0 = Release|Any CPU
		{83059C4E-5045-4424-A251-F23DE57E8BB9}.Debug|Any CPU.ActiveCfg = Debug|Any CPU
		{83059C4E-5045-4424-A251-F23DE57E8BB9}.Debug|Any CPU.Build.0 = Debug|Any CPU
		{83059C4E-5045-4424-A251-F23DE57E8BB9}.Release|Any CPU.ActiveCfg = Release|Any CPU
		{83059C4E-5045-4424-A251-F23DE57E8BB9}.Release|Any CPU.Build.0 = Release|Any CPU
		{DAD17074-5B00-497B-B223-E71751F73AD0}.Debug|Any CPU.ActiveCfg = Debug|Any CPU
		{DAD17074-5B00-497B-B223-E71751F73AD0}.Debug|Any CPU.Build.0 = Debug|Any CPU
		{DAD17074-5B00-497B-B223-E71751F73AD0}.Release|Any CPU.ActiveCfg = Release|Any CPU
		{DAD17074-5B00-497B-B223-E71751F73AD0}.Release|Any CPU.Build.0 = Release|Any CPU
		{5B118E0B-DD3E-4CEA-B2A8-1DD5CE396FA7}.Debug|Any CPU.ActiveCfg = Debug|Any CPU
		{5B118E0B-DD3E-4CEA-B2A8-1DD5CE396FA7}.Debug|Any CPU.Build.0 = Debug|Any CPU
		{5B118E0B-DD3E-4CEA-B2A8-1DD5CE396FA7}.Release|Any CPU.ActiveCfg = Release|Any CPU
		{5B118E0B-DD3E-4CEA-B2A8-1DD5CE396FA7}.Release|Any CPU.Build.0 = Release|Any CPU
	EndGlobalSection
	GlobalSection(SolutionProperties) = preSolution
		HideSolutionNode = FALSE
	EndGlobalSection
	GlobalSection(ExtensibilityGlobals) = postSolution
		SolutionGuid = {6178F561-1A3A-47EA-8426-7AB661459037}
	EndGlobalSection
EndGlobal
