
Microsoft Visual Studio Solution File, Format Version 12.00
# Visual Studio Version 17
VisualStudioVersion = 17.11.35327.3
MinimumVisualStudioVersion = 10.0.40219.1
Project("{FAE04EC0-301F-11D3-BF4B-00C04F79EFBC}") = "API", "API\API.csproj", "{CA96B809-0C4B-46F0-91C7-1F688B768070}"
EndProject
Project("{FAE04EC0-301F-11D3-BF4B-00C04F79EFBC}") = "Application", "Application\Application.csproj", "{CEE47072-A35E-4080-81AC-5CBC897A3B36}"
EndProject
Project("{FAE04EC0-301F-11D3-BF4B-00C04F79EFBC}") = "Domain", "Domain\Domain.csproj", "{1E6DA778-5C43-4EF3-B91F-A63C76FA3B2F}"
EndProject
Global
	GlobalSection(SolutionConfigurationPlatforms) = preSolution
		Debug|Any CPU = Debug|Any CPU
		Release|Any CPU = Release|Any CPU
	EndGlobalSection
	GlobalSection(ProjectConfigurationPlatforms) = postSolution
		{CA96B809-0C4B-46F0-91C7-1F688B768070}.Debug|Any CPU.ActiveCfg = Debug|Any CPU
		{CA96B809-0C4B-46F0-91C7-1F688B768070}.Debug|Any CPU.Build.0 = Debug|Any CPU
		{CA96B809-0C4B-46F0-91C7-1F688B768070}.Release|Any CPU.ActiveCfg = Release|Any CPU
		{CA96B809-0C4B-46F0-91C7-1F688B768070}.Release|Any CPU.Build.0 = Release|Any CPU
		{CEE47072-A35E-4080-81AC-5CBC897A3B36}.Debug|Any CPU.ActiveCfg = Debug|Any CPU
		{CEE47072-A35E-4080-81AC-5CBC897A3B36}.Debug|Any CPU.Build.0 = Debug|Any CPU
		{CEE47072-A35E-4080-81AC-5CBC897A3B36}.Release|Any CPU.ActiveCfg = Release|Any CPU
		{CEE47072-A35E-4080-81AC-5CBC897A3B36}.Release|Any CPU.Build.0 = Release|Any CPU
		{1E6DA778-5C43-4EF3-B91F-A63C76FA3B2F}.Debug|Any CPU.ActiveCfg = Debug|Any CPU
		{1E6DA778-5C43-4EF3-B91F-A63C76FA3B2F}.Debug|Any CPU.Build.0 = Debug|Any CPU
		{1E6DA778-5C43-4EF3-B91F-A63C76FA3B2F}.Release|Any CPU.ActiveCfg = Release|Any CPU
		{1E6DA778-5C43-4EF3-B91F-A63C76FA3B2F}.Release|Any CPU.Build.0 = Release|Any CPU
	EndGlobalSection
	GlobalSection(SolutionProperties) = preSolution
		HideSolutionNode = FALSE
	EndGlobalSection
	GlobalSection(ExtensibilityGlobals) = postSolution
		SolutionGuid = {6178F561-1A3A-47EA-8426-7AB661459037}
	EndGlobalSection
EndGlobal
